// !$*UTF8*$!
{
	archiveVersion = 1;
	classes = {
	};
	objectVersion = 51;
	objects = {

/* Begin PBXBuildFile section */
		178F8C1C287EC97DA9693C08 /* Pods_Instagram.framework in Frameworks */ = {isa = PBXBuildFile; fileRef = A446F3B6DED6C196CC04FD1E /* Pods_Instagram.framework */; };
		413B9C66BCE2C4ED17FCA6DE /* Pods_InstagramTests.framework in Frameworks */ = {isa = PBXBuildFile; fileRef = EB59D9BA66AA1831A7F62BA3 /* Pods_InstagramTests.framework */; };
		A5D2E805CF153028D4CC8D4F /* Pods_Instagram_InstagramUITests.framework in Frameworks */ = {isa = PBXBuildFile; fileRef = 701DDAAACB5B1BF27E0766B1 /* Pods_Instagram_InstagramUITests.framework */; };
		C0EB8B8C271B24A80022BC87 /* AppDelegate.swift in Sources */ = {isa = PBXBuildFile; fileRef = C0EB8B8B271B24A80022BC87 /* AppDelegate.swift */; };
		C0EB8B8E271B24A80022BC87 /* SceneDelegate.swift in Sources */ = {isa = PBXBuildFile; fileRef = C0EB8B8D271B24A80022BC87 /* SceneDelegate.swift */; };
		C0EB8B93271B24A80022BC87 /* Main.storyboard in Resources */ = {isa = PBXBuildFile; fileRef = C0EB8B91271B24A80022BC87 /* Main.storyboard */; };
		C0EB8B95271B24AF0022BC87 /* Assets.xcassets in Resources */ = {isa = PBXBuildFile; fileRef = C0EB8B94271B24AF0022BC87 /* Assets.xcassets */; };
		C0EB8B98271B24AF0022BC87 /* LaunchScreen.storyboard in Resources */ = {isa = PBXBuildFile; fileRef = C0EB8B96271B24AF0022BC87 /* LaunchScreen.storyboard */; };
		C0EB8BA3271B24B00022BC87 /* InstagramTests.swift in Sources */ = {isa = PBXBuildFile; fileRef = C0EB8BA2271B24B00022BC87 /* InstagramTests.swift */; };
		C0EB8BAE271B24B00022BC87 /* InstagramUITests.swift in Sources */ = {isa = PBXBuildFile; fileRef = C0EB8BAD271B24B00022BC87 /* InstagramUITests.swift */; };
		C0EB8BBC271B294E0022BC87 /* LoginViewController.swift in Sources */ = {isa = PBXBuildFile; fileRef = C0EB8BBB271B294E0022BC87 /* LoginViewController.swift */; };
		C0EB8BBE271B296B0022BC87 /* FeedViewController.swift in Sources */ = {isa = PBXBuildFile; fileRef = C0EB8BBD271B296B0022BC87 /* FeedViewController.swift */; };
		C0EB8BC0271BCA360022BC87 /* CameraViewController.swift in Sources */ = {isa = PBXBuildFile; fileRef = C0EB8BBF271BCA360022BC87 /* CameraViewController.swift */; };
		C0EB8BC4271E05120022BC87 /* PostCell.swift in Sources */ = {isa = PBXBuildFile; fileRef = C0EB8BC3271E05120022BC87 /* PostCell.swift */; };
		C0EB8BC6272470F30022BC87 /* CommentCell.swift in Sources */ = {isa = PBXBuildFile; fileRef = C0EB8BC5272470F30022BC87 /* CommentCell.swift */; };
/* End PBXBuildFile section */

/* Begin PBXContainerItemProxy section */
		C0EB8B9F271B24B00022BC87 /* PBXContainerItemProxy */ = {
			isa = PBXContainerItemProxy;
			containerPortal = C0EB8B80271B24A80022BC87 /* Project object */;
			proxyType = 1;
			remoteGlobalIDString = C0EB8B87271B24A80022BC87;
			remoteInfo = Instagram;
		};
		C0EB8BAA271B24B00022BC87 /* PBXContainerItemProxy */ = {
			isa = PBXContainerItemProxy;
			containerPortal = C0EB8B80271B24A80022BC87 /* Project object */;
			proxyType = 1;
			remoteGlobalIDString = C0EB8B87271B24A80022BC87;
			remoteInfo = Instagram;
		};
/* End PBXContainerItemProxy section */

/* Begin PBXFileReference section */
		1237A9FB9FD8A46E09583D97 /* Pods-Instagram.release.xcconfig */ = {isa = PBXFileReference; includeInIndex = 1; lastKnownFileType = text.xcconfig; name = "Pods-Instagram.release.xcconfig"; path = "Target Support Files/Pods-Instagram/Pods-Instagram.release.xcconfig"; sourceTree = "<group>"; };
		16BC419A419E1DC6FBAC8888 /* Pods-Instagram-InstagramUITests.release.xcconfig */ = {isa = PBXFileReference; includeInIndex = 1; lastKnownFileType = text.xcconfig; name = "Pods-Instagram-InstagramUITests.release.xcconfig"; path = "Target Support Files/Pods-Instagram-InstagramUITests/Pods-Instagram-InstagramUITests.release.xcconfig"; sourceTree = "<group>"; };
		701DDAAACB5B1BF27E0766B1 /* Pods_Instagram_InstagramUITests.framework */ = {isa = PBXFileReference; explicitFileType = wrapper.framework; includeInIndex = 0; path = Pods_Instagram_InstagramUITests.framework; sourceTree = BUILT_PRODUCTS_DIR; };
		823D138447B59272A1194429 /* Pods-InstagramTests.debug.xcconfig */ = {isa = PBXFileReference; includeInIndex = 1; lastKnownFileType = text.xcconfig; name = "Pods-InstagramTests.debug.xcconfig"; path = "Target Support Files/Pods-InstagramTests/Pods-InstagramTests.debug.xcconfig"; sourceTree = "<group>"; };
		9E52B754639F28CFBFA8D319 /* Pods-Instagram.debug.xcconfig */ = {isa = PBXFileReference; includeInIndex = 1; lastKnownFileType = text.xcconfig; name = "Pods-Instagram.debug.xcconfig"; path = "Target Support Files/Pods-Instagram/Pods-Instagram.debug.xcconfig"; sourceTree = "<group>"; };
		A446F3B6DED6C196CC04FD1E /* Pods_Instagram.framework */ = {isa = PBXFileReference; explicitFileType = wrapper.framework; includeInIndex = 0; path = Pods_Instagram.framework; sourceTree = BUILT_PRODUCTS_DIR; };
		AE0E45345135CADE2E6EA77C /* Pods-InstagramTests.release.xcconfig */ = {isa = PBXFileReference; includeInIndex = 1; lastKnownFileType = text.xcconfig; name = "Pods-InstagramTests.release.xcconfig"; path = "Target Support Files/Pods-InstagramTests/Pods-InstagramTests.release.xcconfig"; sourceTree = "<group>"; };
		C0EB8B88271B24A80022BC87 /* Instagram.app */ = {isa = PBXFileReference; explicitFileType = wrapper.application; includeInIndex = 0; path = Instagram.app; sourceTree = BUILT_PRODUCTS_DIR; };
		C0EB8B8B271B24A80022BC87 /* AppDelegate.swift */ = {isa = PBXFileReference; lastKnownFileType = sourcecode.swift; path = AppDelegate.swift; sourceTree = "<group>"; };
		C0EB8B8D271B24A80022BC87 /* SceneDelegate.swift */ = {isa = PBXFileReference; lastKnownFileType = sourcecode.swift; path = SceneDelegate.swift; sourceTree = "<group>"; };
		C0EB8B92271B24A80022BC87 /* Base */ = {isa = PBXFileReference; lastKnownFileType = file.storyboard; name = Base; path = Base.lproj/Main.storyboard; sourceTree = "<group>"; };
		C0EB8B94271B24AF0022BC87 /* Assets.xcassets */ = {isa = PBXFileReference; lastKnownFileType = folder.assetcatalog; path = Assets.xcassets; sourceTree = "<group>"; };
		C0EB8B97271B24AF0022BC87 /* Base */ = {isa = PBXFileReference; lastKnownFileType = file.storyboard; name = Base; path = Base.lproj/LaunchScreen.storyboard; sourceTree = "<group>"; };
		C0EB8B99271B24AF0022BC87 /* Info.plist */ = {isa = PBXFileReference; lastKnownFileType = text.plist.xml; path = Info.plist; sourceTree = "<group>"; };
		C0EB8B9E271B24B00022BC87 /* InstagramTests.xctest */ = {isa = PBXFileReference; explicitFileType = wrapper.cfbundle; includeInIndex = 0; path = InstagramTests.xctest; sourceTree = BUILT_PRODUCTS_DIR; };
		C0EB8BA2271B24B00022BC87 /* InstagramTests.swift */ = {isa = PBXFileReference; lastKnownFileType = sourcecode.swift; path = InstagramTests.swift; sourceTree = "<group>"; };
		C0EB8BA4271B24B00022BC87 /* Info.plist */ = {isa = PBXFileReference; lastKnownFileType = text.plist.xml; path = Info.plist; sourceTree = "<group>"; };
		C0EB8BA9271B24B00022BC87 /* InstagramUITests.xctest */ = {isa = PBXFileReference; explicitFileType = wrapper.cfbundle; includeInIndex = 0; path = InstagramUITests.xctest; sourceTree = BUILT_PRODUCTS_DIR; };
		C0EB8BAD271B24B00022BC87 /* InstagramUITests.swift */ = {isa = PBXFileReference; lastKnownFileType = sourcecode.swift; path = InstagramUITests.swift; sourceTree = "<group>"; };
		C0EB8BAF271B24B00022BC87 /* Info.plist */ = {isa = PBXFileReference; lastKnownFileType = text.plist.xml; path = Info.plist; sourceTree = "<group>"; };
		C0EB8BBB271B294E0022BC87 /* LoginViewController.swift */ = {isa = PBXFileReference; lastKnownFileType = sourcecode.swift; path = LoginViewController.swift; sourceTree = "<group>"; };
		C0EB8BBD271B296B0022BC87 /* FeedViewController.swift */ = {isa = PBXFileReference; lastKnownFileType = sourcecode.swift; path = FeedViewController.swift; sourceTree = "<group>"; };
		C0EB8BBF271BCA360022BC87 /* CameraViewController.swift */ = {isa = PBXFileReference; lastKnownFileType = sourcecode.swift; path = CameraViewController.swift; sourceTree = "<group>"; };
		C0EB8BC3271E05120022BC87 /* PostCell.swift */ = {isa = PBXFileReference; lastKnownFileType = sourcecode.swift; path = PostCell.swift; sourceTree = "<group>"; };
		C0EB8BC5272470F30022BC87 /* CommentCell.swift */ = {isa = PBXFileReference; lastKnownFileType = sourcecode.swift; path = CommentCell.swift; sourceTree = "<group>"; };
		CA72F1522BFF4A2F65484B22 /* Pods-Instagram-InstagramUITests.debug.xcconfig */ = {isa = PBXFileReference; includeInIndex = 1; lastKnownFileType = text.xcconfig; name = "Pods-Instagram-InstagramUITests.debug.xcconfig"; path = "Target Support Files/Pods-Instagram-InstagramUITests/Pods-Instagram-InstagramUITests.debug.xcconfig"; sourceTree = "<group>"; };
		EB59D9BA66AA1831A7F62BA3 /* Pods_InstagramTests.framework */ = {isa = PBXFileReference; explicitFileType = wrapper.framework; includeInIndex = 0; path = Pods_InstagramTests.framework; sourceTree = BUILT_PRODUCTS_DIR; };
/* End PBXFileReference section */

/* Begin PBXFrameworksBuildPhase section */
		C0EB8B85271B24A80022BC87 /* Frameworks */ = {
			isa = PBXFrameworksBuildPhase;
			buildActionMask = 2147483647;
			files = (
				178F8C1C287EC97DA9693C08 /* Pods_Instagram.framework in Frameworks */,
			);
			runOnlyForDeploymentPostprocessing = 0;
		};
		C0EB8B9B271B24B00022BC87 /* Frameworks */ = {
			isa = PBXFrameworksBuildPhase;
			buildActionMask = 2147483647;
			files = (
				413B9C66BCE2C4ED17FCA6DE /* Pods_InstagramTests.framework in Frameworks */,
			);
			runOnlyForDeploymentPostprocessing = 0;
		};
		C0EB8BA6271B24B00022BC87 /* Frameworks */ = {
			isa = PBXFrameworksBuildPhase;
			buildActionMask = 2147483647;
			files = (
				A5D2E805CF153028D4CC8D4F /* Pods_Instagram_InstagramUITests.framework in Frameworks */,
			);
			runOnlyForDeploymentPostprocessing = 0;
		};
/* End PBXFrameworksBuildPhase section */

/* Begin PBXGroup section */
		5622AEB44005BEBE4D0AC148 /* Pods */ = {
			isa = PBXGroup;
			children = (
				9E52B754639F28CFBFA8D319 /* Pods-Instagram.debug.xcconfig */,
				1237A9FB9FD8A46E09583D97 /* Pods-Instagram.release.xcconfig */,
				CA72F1522BFF4A2F65484B22 /* Pods-Instagram-InstagramUITests.debug.xcconfig */,
				16BC419A419E1DC6FBAC8888 /* Pods-Instagram-InstagramUITests.release.xcconfig */,
				823D138447B59272A1194429 /* Pods-InstagramTests.debug.xcconfig */,
				AE0E45345135CADE2E6EA77C /* Pods-InstagramTests.release.xcconfig */,
			);
			path = Pods;
			sourceTree = "<group>";
		};
		8663537C68BF5630BD6F62AE /* Frameworks */ = {
			isa = PBXGroup;
			children = (
				A446F3B6DED6C196CC04FD1E /* Pods_Instagram.framework */,
				701DDAAACB5B1BF27E0766B1 /* Pods_Instagram_InstagramUITests.framework */,
				EB59D9BA66AA1831A7F62BA3 /* Pods_InstagramTests.framework */,
			);
			name = Frameworks;
			sourceTree = "<group>";
		};
		C0EB8B7F271B24A80022BC87 = {
			isa = PBXGroup;
			children = (
				C0EB8B8A271B24A80022BC87 /* Instagram */,
				C0EB8BA1271B24B00022BC87 /* InstagramTests */,
				C0EB8BAC271B24B00022BC87 /* InstagramUITests */,
				C0EB8B89271B24A80022BC87 /* Products */,
				5622AEB44005BEBE4D0AC148 /* Pods */,
				8663537C68BF5630BD6F62AE /* Frameworks */,
			);
			sourceTree = "<group>";
		};
		C0EB8B89271B24A80022BC87 /* Products */ = {
			isa = PBXGroup;
			children = (
				C0EB8B88271B24A80022BC87 /* Instagram.app */,
				C0EB8B9E271B24B00022BC87 /* InstagramTests.xctest */,
				C0EB8BA9271B24B00022BC87 /* InstagramUITests.xctest */,
			);
			name = Products;
			sourceTree = "<group>";
		};
		C0EB8B8A271B24A80022BC87 /* Instagram */ = {
			isa = PBXGroup;
			children = (
				C0EB8B8B271B24A80022BC87 /* AppDelegate.swift */,
				C0EB8B8D271B24A80022BC87 /* SceneDelegate.swift */,
				C0EB8B91271B24A80022BC87 /* Main.storyboard */,
				C0EB8B94271B24AF0022BC87 /* Assets.xcassets */,
				C0EB8B96271B24AF0022BC87 /* LaunchScreen.storyboard */,
				C0EB8B99271B24AF0022BC87 /* Info.plist */,
				C0EB8BBB271B294E0022BC87 /* LoginViewController.swift */,
				C0EB8BBD271B296B0022BC87 /* FeedViewController.swift */,
				C0EB8BBF271BCA360022BC87 /* CameraViewController.swift */,
				C0EB8BC3271E05120022BC87 /* PostCell.swift */,
				C0EB8BC5272470F30022BC87 /* CommentCell.swift */,
			);
			path = Instagram;
			sourceTree = "<group>";
		};
		C0EB8BA1271B24B00022BC87 /* InstagramTests */ = {
			isa = PBXGroup;
			children = (
				C0EB8BA2271B24B00022BC87 /* InstagramTests.swift */,
				C0EB8BA4271B24B00022BC87 /* Info.plist */,
			);
			path = InstagramTests;
			sourceTree = "<group>";
		};
		C0EB8BAC271B24B00022BC87 /* InstagramUITests */ = {
			isa = PBXGroup;
			children = (
				C0EB8BAD271B24B00022BC87 /* InstagramUITests.swift */,
				C0EB8BAF271B24B00022BC87 /* Info.plist */,
			);
			path = InstagramUITests;
			sourceTree = "<group>";
		};
/* End PBXGroup section */

/* Begin PBXNativeTarget section */
		C0EB8B87271B24A80022BC87 /* Instagram */ = {
			isa = PBXNativeTarget;
			buildConfigurationList = C0EB8BB2271B24B00022BC87 /* Build configuration list for PBXNativeTarget "Instagram" */;
			buildPhases = (
				264F501B74A753B4C7460021 /* [CP] Check Pods Manifest.lock */,
				C0EB8B84271B24A80022BC87 /* Sources */,
				C0EB8B85271B24A80022BC87 /* Frameworks */,
				C0EB8B86271B24A80022BC87 /* Resources */,
				60824095480F70C715AB5A68 /* [CP] Embed Pods Frameworks */,
			);
			buildRules = (
			);
			dependencies = (
			);
			name = Instagram;
			productName = Instagram;
			productReference = C0EB8B88271B24A80022BC87 /* Instagram.app */;
			productType = "com.apple.product-type.application";
		};
		C0EB8B9D271B24B00022BC87 /* InstagramTests */ = {
			isa = PBXNativeTarget;
			buildConfigurationList = C0EB8BB5271B24B00022BC87 /* Build configuration list for PBXNativeTarget "InstagramTests" */;
			buildPhases = (
				F8EDCA5BC2F9C2FE0130051E /* [CP] Check Pods Manifest.lock */,
				C0EB8B9A271B24B00022BC87 /* Sources */,
				C0EB8B9B271B24B00022BC87 /* Frameworks */,
				C0EB8B9C271B24B00022BC87 /* Resources */,
			);
			buildRules = (
			);
			dependencies = (
				C0EB8BA0271B24B00022BC87 /* PBXTargetDependency */,
			);
			name = InstagramTests;
			productName = InstagramTests;
			productReference = C0EB8B9E271B24B00022BC87 /* InstagramTests.xctest */;
			productType = "com.apple.product-type.bundle.unit-test";
		};
		C0EB8BA8271B24B00022BC87 /* InstagramUITests */ = {
			isa = PBXNativeTarget;
			buildConfigurationList = C0EB8BB8271B24B00022BC87 /* Build configuration list for PBXNativeTarget "InstagramUITests" */;
			buildPhases = (
				53B8ABA11171D04F6DECE2A9 /* [CP] Check Pods Manifest.lock */,
				C0EB8BA5271B24B00022BC87 /* Sources */,
				C0EB8BA6271B24B00022BC87 /* Frameworks */,
				C0EB8BA7271B24B00022BC87 /* Resources */,
				B65E3AD16C1FCD378D8FA9AE /* [CP] Embed Pods Frameworks */,
			);
			buildRules = (
			);
			dependencies = (
				C0EB8BAB271B24B00022BC87 /* PBXTargetDependency */,
			);
			name = InstagramUITests;
			productName = InstagramUITests;
			productReference = C0EB8BA9271B24B00022BC87 /* InstagramUITests.xctest */;
			productType = "com.apple.product-type.bundle.ui-testing";
		};
/* End PBXNativeTarget section */

/* Begin PBXProject section */
		C0EB8B80271B24A80022BC87 /* Project object */ = {
			isa = PBXProject;
			attributes = {
				LastSwiftUpdateCheck = 1250;
				LastUpgradeCheck = 1250;
				TargetAttributes = {
					C0EB8B87271B24A80022BC87 = {
						CreatedOnToolsVersion = 12.5.1;
					};
					C0EB8B9D271B24B00022BC87 = {
						CreatedOnToolsVersion = 12.5.1;
						TestTargetID = C0EB8B87271B24A80022BC87;
					};
					C0EB8BA8271B24B00022BC87 = {
						CreatedOnToolsVersion = 12.5.1;
						TestTargetID = C0EB8B87271B24A80022BC87;
					};
				};
			};
			buildConfigurationList = C0EB8B83271B24A80022BC87 /* Build configuration list for PBXProject "Instagram" */;
			compatibilityVersion = "Xcode 9.3";
			developmentRegion = en;
			hasScannedForEncodings = 0;
			knownRegions = (
				en,
				Base,
			);
			mainGroup = C0EB8B7F271B24A80022BC87;
			productRefGroup = C0EB8B89271B24A80022BC87 /* Products */;
			projectDirPath = "";
			projectRoot = "";
			targets = (
				C0EB8B87271B24A80022BC87 /* Instagram */,
				C0EB8B9D271B24B00022BC87 /* InstagramTests */,
				C0EB8BA8271B24B00022BC87 /* InstagramUITests */,
			);
		};
/* End PBXProject section */

/* Begin PBXResourcesBuildPhase section */
		C0EB8B86271B24A80022BC87 /* Resources */ = {
			isa = PBXResourcesBuildPhase;
			buildActionMask = 2147483647;
			files = (
				C0EB8B98271B24AF0022BC87 /* LaunchScreen.storyboard in Resources */,
				C0EB8B95271B24AF0022BC87 /* Assets.xcassets in Resources */,
				C0EB8B93271B24A80022BC87 /* Main.storyboard in Resources */,
			);
			runOnlyForDeploymentPostprocessing = 0;
		};
		C0EB8B9C271B24B00022BC87 /* Resources */ = {
			isa = PBXResourcesBuildPhase;
			buildActionMask = 2147483647;
			files = (
			);
			runOnlyForDeploymentPostprocessing = 0;
		};
		C0EB8BA7271B24B00022BC87 /* Resources */ = {
			isa = PBXResourcesBuildPhase;
			buildActionMask = 2147483647;
			files = (
			);
			runOnlyForDeploymentPostprocessing = 0;
		};
/* End PBXResourcesBuildPhase section */

/* Begin PBXShellScriptBuildPhase section */
		264F501B74A753B4C7460021 /* [CP] Check Pods Manifest.lock */ = {
			isa = PBXShellScriptBuildPhase;
			buildActionMask = 2147483647;
			files = (
			);
			inputFileListPaths = (
			);
			inputPaths = (
				"${PODS_PODFILE_DIR_PATH}/Podfile.lock",
				"${PODS_ROOT}/Manifest.lock",
			);
			name = "[CP] Check Pods Manifest.lock";
			outputFileListPaths = (
			);
			outputPaths = (
				"$(DERIVED_FILE_DIR)/Pods-Instagram-checkManifestLockResult.txt",
			);
			runOnlyForDeploymentPostprocessing = 0;
			shellPath = /bin/sh;
			shellScript = "diff \"${PODS_PODFILE_DIR_PATH}/Podfile.lock\" \"${PODS_ROOT}/Manifest.lock\" > /dev/null\nif [ $? != 0 ] ; then\n    # print error to STDERR\n    echo \"error: The sandbox is not in sync with the Podfile.lock. Run 'pod install' or update your CocoaPods installation.\" >&2\n    exit 1\nfi\n# This output is used by Xcode 'outputs' to avoid re-running this script phase.\necho \"SUCCESS\" > \"${SCRIPT_OUTPUT_FILE_0}\"\n";
			showEnvVarsInLog = 0;
		};
		53B8ABA11171D04F6DECE2A9 /* [CP] Check Pods Manifest.lock */ = {
			isa = PBXShellScriptBuildPhase;
			buildActionMask = 2147483647;
			files = (
			);
			inputFileListPaths = (
			);
			inputPaths = (
				"${PODS_PODFILE_DIR_PATH}/Podfile.lock",
				"${PODS_ROOT}/Manifest.lock",
			);
			name = "[CP] Check Pods Manifest.lock";
			outputFileListPaths = (
			);
			outputPaths = (
				"$(DERIVED_FILE_DIR)/Pods-Instagram-InstagramUITests-checkManifestLockResult.txt",
			);
			runOnlyForDeploymentPostprocessing = 0;
			shellPath = /bin/sh;
			shellScript = "diff \"${PODS_PODFILE_DIR_PATH}/Podfile.lock\" \"${PODS_ROOT}/Manifest.lock\" > /dev/null\nif [ $? != 0 ] ; then\n    # print error to STDERR\n    echo \"error: The sandbox is not in sync with the Podfile.lock. Run 'pod install' or update your CocoaPods installation.\" >&2\n    exit 1\nfi\n# This output is used by Xcode 'outputs' to avoid re-running this script phase.\necho \"SUCCESS\" > \"${SCRIPT_OUTPUT_FILE_0}\"\n";
			showEnvVarsInLog = 0;
		};
		60824095480F70C715AB5A68 /* [CP] Embed Pods Frameworks */ = {
			isa = PBXShellScriptBuildPhase;
			buildActionMask = 2147483647;
			files = (
			);
			inputFileListPaths = (
				"${PODS_ROOT}/Target Support Files/Pods-Instagram/Pods-Instagram-frameworks-${CONFIGURATION}-input-files.xcfilelist",
			);
			name = "[CP] Embed Pods Frameworks";
			outputFileListPaths = (
				"${PODS_ROOT}/Target Support Files/Pods-Instagram/Pods-Instagram-frameworks-${CONFIGURATION}-output-files.xcfilelist",
			);
			runOnlyForDeploymentPostprocessing = 0;
			shellPath = /bin/sh;
			shellScript = "\"${PODS_ROOT}/Target Support Files/Pods-Instagram/Pods-Instagram-frameworks.sh\"\n";
			showEnvVarsInLog = 0;
		};
		B65E3AD16C1FCD378D8FA9AE /* [CP] Embed Pods Frameworks */ = {
			isa = PBXShellScriptBuildPhase;
			buildActionMask = 2147483647;
			files = (
			);
			inputFileListPaths = (
				"${PODS_ROOT}/Target Support Files/Pods-Instagram-InstagramUITests/Pods-Instagram-InstagramUITests-frameworks-${CONFIGURATION}-input-files.xcfilelist",
			);
			name = "[CP] Embed Pods Frameworks";
			outputFileListPaths = (
				"${PODS_ROOT}/Target Support Files/Pods-Instagram-InstagramUITests/Pods-Instagram-InstagramUITests-frameworks-${CONFIGURATION}-output-files.xcfilelist",
			);
			runOnlyForDeploymentPostprocessing = 0;
			shellPath = /bin/sh;
			shellScript = "\"${PODS_ROOT}/Target Support Files/Pods-Instagram-InstagramUITests/Pods-Instagram-InstagramUITests-frameworks.sh\"\n";
			showEnvVarsInLog = 0;
		};
		F8EDCA5BC2F9C2FE0130051E /* [CP] Check Pods Manifest.lock */ = {
			isa = PBXShellScriptBuildPhase;
			buildActionMask = 2147483647;
			files = (
			);
			inputFileListPaths = (
			);
			inputPaths = (
				"${PODS_PODFILE_DIR_PATH}/Podfile.lock",
				"${PODS_ROOT}/Manifest.lock",
			);
			name = "[CP] Check Pods Manifest.lock";
			outputFileListPaths = (
			);
			outputPaths = (
				"$(DERIVED_FILE_DIR)/Pods-InstagramTests-checkManifestLockResult.txt",
			);
			runOnlyForDeploymentPostprocessing = 0;
			shellPath = /bin/sh;
			shellScript = "diff \"${PODS_PODFILE_DIR_PATH}/Podfile.lock\" \"${PODS_ROOT}/Manifest.lock\" > /dev/null\nif [ $? != 0 ] ; then\n    # print error to STDERR\n    echo \"error: The sandbox is not in sync with the Podfile.lock. Run 'pod install' or update your CocoaPods installation.\" >&2\n    exit 1\nfi\n# This output is used by Xcode 'outputs' to avoid re-running this script phase.\necho \"SUCCESS\" > \"${SCRIPT_OUTPUT_FILE_0}\"\n";
			showEnvVarsInLog = 0;
		};
/* End PBXShellScriptBuildPhase section */

/* Begin PBXSourcesBuildPhase section */
		C0EB8B84271B24A80022BC87 /* Sources */ = {
			isa = PBXSourcesBuildPhase;
			buildActionMask = 2147483647;
			files = (
				C0EB8BBC271B294E0022BC87 /* LoginViewController.swift in Sources */,
				C0EB8BC0271BCA360022BC87 /* CameraViewController.swift in Sources */,
				C0EB8B8C271B24A80022BC87 /* AppDelegate.swift in Sources */,
				C0EB8BBE271B296B0022BC87 /* FeedViewController.swift in Sources */,
				C0EB8B8E271B24A80022BC87 /* SceneDelegate.swift in Sources */,
				C0EB8BC4271E05120022BC87 /* PostCell.swift in Sources */,
				C0EB8BC6272470F30022BC87 /* CommentCell.swift in Sources */,
			);
			runOnlyForDeploymentPostprocessing = 0;
		};
		C0EB8B9A271B24B00022BC87 /* Sources */ = {
			isa = PBXSourcesBuildPhase;
			buildActionMask = 2147483647;
			files = (
				C0EB8BA3271B24B00022BC87 /* InstagramTests.swift in Sources */,
			);
			runOnlyForDeploymentPostprocessing = 0;
		};
		C0EB8BA5271B24B00022BC87 /* Sources */ = {
			isa = PBXSourcesBuildPhase;
			buildActionMask = 2147483647;
			files = (
				C0EB8BAE271B24B00022BC87 /* InstagramUITests.swift in Sources */,
			);
			runOnlyForDeploymentPostprocessing = 0;
		};
/* End PBXSourcesBuildPhase section */

/* Begin PBXTargetDependency section */
		C0EB8BA0271B24B00022BC87 /* PBXTargetDependency */ = {
			isa = PBXTargetDependency;
			target = C0EB8B87271B24A80022BC87 /* Instagram */;
			targetProxy = C0EB8B9F271B24B00022BC87 /* PBXContainerItemProxy */;
		};
		C0EB8BAB271B24B00022BC87 /* PBXTargetDependency */ = {
			isa = PBXTargetDependency;
			target = C0EB8B87271B24A80022BC87 /* Instagram */;
			targetProxy = C0EB8BAA271B24B00022BC87 /* PBXContainerItemProxy */;
		};
/* End PBXTargetDependency section */

/* Begin PBXVariantGroup section */
		C0EB8B91271B24A80022BC87 /* Main.storyboard */ = {
			isa = PBXVariantGroup;
			children = (
				C0EB8B92271B24A80022BC87 /* Base */,
			);
			name = Main.storyboard;
			sourceTree = "<group>";
		};
		C0EB8B96271B24AF0022BC87 /* LaunchScreen.storyboard */ = {
			isa = PBXVariantGroup;
			children = (
				C0EB8B97271B24AF0022BC87 /* Base */,
			);
			name = LaunchScreen.storyboard;
			sourceTree = "<group>";
		};
/* End PBXVariantGroup section */

/* Begin XCBuildConfiguration section */
		C0EB8BB0271B24B00022BC87 /* Debug */ = {
			isa = XCBuildConfiguration;
			buildSettings = {
				ALWAYS_SEARCH_USER_PATHS = NO;
				CLANG_ANALYZER_NONNULL = YES;
				CLANG_ANALYZER_NUMBER_OBJECT_CONVERSION = YES_AGGRESSIVE;
				CLANG_CXX_LANGUAGE_STANDARD = "gnu++14";
				CLANG_CXX_LIBRARY = "libc++";
				CLANG_ENABLE_MODULES = YES;
				CLANG_ENABLE_OBJC_ARC = YES;
				CLANG_ENABLE_OBJC_WEAK = YES;
				CLANG_WARN_BLOCK_CAPTURE_AUTORELEASING = YES;
				CLANG_WARN_BOOL_CONVERSION = YES;
				CLANG_WARN_COMMA = YES;
				CLANG_WARN_CONSTANT_CONVERSION = YES;
				CLANG_WARN_DEPRECATED_OBJC_IMPLEMENTATIONS = YES;
				CLANG_WARN_DIRECT_OBJC_ISA_USAGE = YES_ERROR;
				CLANG_WARN_DOCUMENTATION_COMMENTS = YES;
				CLANG_WARN_EMPTY_BODY = YES;
				CLANG_WARN_ENUM_CONVERSION = YES;
				CLANG_WARN_INFINITE_RECURSION = YES;
				CLANG_WARN_INT_CONVERSION = YES;
				CLANG_WARN_NON_LITERAL_NULL_CONVERSION = YES;
				CLANG_WARN_OBJC_IMPLICIT_RETAIN_SELF = YES;
				CLANG_WARN_OBJC_LITERAL_CONVERSION = YES;
				CLANG_WARN_OBJC_ROOT_CLASS = YES_ERROR;
				CLANG_WARN_QUOTED_INCLUDE_IN_FRAMEWORK_HEADER = YES;
				CLANG_WARN_RANGE_LOOP_ANALYSIS = YES;
				CLANG_WARN_STRICT_PROTOTYPES = YES;
				CLANG_WARN_SUSPICIOUS_MOVE = YES;
				CLANG_WARN_UNGUARDED_AVAILABILITY = YES_AGGRESSIVE;
				CLANG_WARN_UNREACHABLE_CODE = YES;
				CLANG_WARN__DUPLICATE_METHOD_MATCH = YES;
				COPY_PHASE_STRIP = NO;
				DEBUG_INFORMATION_FORMAT = dwarf;
				ENABLE_STRICT_OBJC_MSGSEND = YES;
				ENABLE_TESTABILITY = YES;
				GCC_C_LANGUAGE_STANDARD = gnu11;
				GCC_DYNAMIC_NO_PIC = NO;
				GCC_NO_COMMON_BLOCKS = YES;
				GCC_OPTIMIZATION_LEVEL = 0;
				GCC_PREPROCESSOR_DEFINITIONS = (
					"DEBUG=1",
					"$(inherited)",
				);
				GCC_WARN_64_TO_32_BIT_CONVERSION = YES;
				GCC_WARN_ABOUT_RETURN_TYPE = YES_ERROR;
				GCC_WARN_UNDECLARED_SELECTOR = YES;
				GCC_WARN_UNINITIALIZED_AUTOS = YES_AGGRESSIVE;
				GCC_WARN_UNUSED_FUNCTION = YES;
				GCC_WARN_UNUSED_VARIABLE = YES;
				IPHONEOS_DEPLOYMENT_TARGET = 14.5;
				MTL_ENABLE_DEBUG_INFO = INCLUDE_SOURCE;
				MTL_FAST_MATH = YES;
				ONLY_ACTIVE_ARCH = YES;
				SDKROOT = iphoneos;
				SWIFT_ACTIVE_COMPILATION_CONDITIONS = DEBUG;
				SWIFT_OPTIMIZATION_LEVEL = "-Onone";
			};
			name = Debug;
		};
		C0EB8BB1271B24B00022BC87 /* Release */ = {
			isa = XCBuildConfiguration;
			buildSettings = {
				ALWAYS_SEARCH_USER_PATHS = NO;
				CLANG_ANALYZER_NONNULL = YES;
				CLANG_ANALYZER_NUMBER_OBJECT_CONVERSION = YES_AGGRESSIVE;
				CLANG_CXX_LANGUAGE_STANDARD = "gnu++14";
				CLANG_CXX_LIBRARY = "libc++";
				CLANG_ENABLE_MODULES = YES;
				CLANG_ENABLE_OBJC_ARC = YES;
				CLANG_ENABLE_OBJC_WEAK = YES;
				CLANG_WARN_BLOCK_CAPTURE_AUTORELEASING = YES;
				CLANG_WARN_BOOL_CONVERSION = YES;
				CLANG_WARN_COMMA = YES;
				CLANG_WARN_CONSTANT_CONVERSION = YES;
				CLANG_WARN_DEPRECATED_OBJC_IMPLEMENTATIONS = YES;
				CLANG_WARN_DIRECT_OBJC_ISA_USAGE = YES_ERROR;
				CLANG_WARN_DOCUMENTATION_COMMENTS = YES;
				CLANG_WARN_EMPTY_BODY = YES;
				CLANG_WARN_ENUM_CONVERSION = YES;
				CLANG_WARN_INFINITE_RECURSION = YES;
				CLANG_WARN_INT_CONVERSION = YES;
				CLANG_WARN_NON_LITERAL_NULL_CONVERSION = YES;
				CLANG_WARN_OBJC_IMPLICIT_RETAIN_SELF = YES;
				CLANG_WARN_OBJC_LITERAL_CONVERSION = YES;
				CLANG_WARN_OBJC_ROOT_CLASS = YES_ERROR;
				CLANG_WARN_QUOTED_INCLUDE_IN_FRAMEWORK_HEADER = YES;
				CLANG_WARN_RANGE_LOOP_ANALYSIS = YES;
				CLANG_WARN_STRICT_PROTOTYPES = YES;
				CLANG_WARN_SUSPICIOUS_MOVE = YES;
				CLANG_WARN_UNGUARDED_AVAILABILITY = YES_AGGRESSIVE;
				CLANG_WARN_UNREACHABLE_CODE = YES;
				CLANG_WARN__DUPLICATE_METHOD_MATCH = YES;
				COPY_PHASE_STRIP = NO;
				DEBUG_INFORMATION_FORMAT = "dwarf-with-dsym";
				ENABLE_NS_ASSERTIONS = NO;
				ENABLE_STRICT_OBJC_MSGSEND = YES;
				GCC_C_LANGUAGE_STANDARD = gnu11;
				GCC_NO_COMMON_BLOCKS = YES;
				GCC_WARN_64_TO_32_BIT_CONVERSION = YES;
				GCC_WARN_ABOUT_RETURN_TYPE = YES_ERROR;
				GCC_WARN_UNDECLARED_SELECTOR = YES;
				GCC_WARN_UNINITIALIZED_AUTOS = YES_AGGRESSIVE;
				GCC_WARN_UNUSED_FUNCTION = YES;
				GCC_WARN_UNUSED_VARIABLE = YES;
				IPHONEOS_DEPLOYMENT_TARGET = 14.5;
				MTL_ENABLE_DEBUG_INFO = NO;
				MTL_FAST_MATH = YES;
				SDKROOT = iphoneos;
				SWIFT_COMPILATION_MODE = wholemodule;
				SWIFT_OPTIMIZATION_LEVEL = "-O";
				VALIDATE_PRODUCT = YES;
			};
			name = Release;
		};
		C0EB8BB3271B24B00022BC87 /* Debug */ = {
			isa = XCBuildConfiguration;
			baseConfigurationReference = 9E52B754639F28CFBFA8D319 /* Pods-Instagram.debug.xcconfig */;
			buildSettings = {
				ASSETCATALOG_COMPILER_APPICON_NAME = AppIcon;
				ASSETCATALOG_COMPILER_GLOBAL_ACCENT_COLOR_NAME = AccentColor;
				CODE_SIGN_STYLE = Automatic;
				INFOPLIST_FILE = Instagram/Info.plist;
				LD_RUNPATH_SEARCH_PATHS = (
					"$(inherited)",
					"@executable_path/Frameworks",
				);
				PRODUCT_BUNDLE_IDENTIFIER = CodePath.Instagram;
				PRODUCT_NAME = "$(TARGET_NAME)";
				SWIFT_VERSION = 5.0;
				TARGETED_DEVICE_FAMILY = "1,2";
			};
			name = Debug;
		};
		C0EB8BB4271B24B00022BC87 /* Release */ = {
			isa = XCBuildConfiguration;
			baseConfigurationReference = 1237A9FB9FD8A46E09583D97 /* Pods-Instagram.release.xcconfig */;
			buildSettings = {
				ASSETCATALOG_COMPILER_APPICON_NAME = AppIcon;
				ASSETCATALOG_COMPILER_GLOBAL_ACCENT_COLOR_NAME = AccentColor;
				CODE_SIGN_STYLE = Automatic;
				INFOPLIST_FILE = Instagram/Info.plist;
				LD_RUNPATH_SEARCH_PATHS = (
					"$(inherited)",
					"@executable_path/Frameworks",
				);
				PRODUCT_BUNDLE_IDENTIFIER = CodePath.Instagram;
				PRODUCT_NAME = "$(TARGET_NAME)";
				SWIFT_VERSION = 5.0;
				TARGETED_DEVICE_FAMILY = "1,2";
			};
			name = Release;
		};
		C0EB8BB6271B24B00022BC87 /* Debug */ = {
			isa = XCBuildConfiguration;
			baseConfigurationReference = 823D138447B59272A1194429 /* Pods-InstagramTests.debug.xcconfig */;
			buildSettings = {
				ALWAYS_EMBED_SWIFT_STANDARD_LIBRARIES = YES;
				BUNDLE_LOADER = "$(TEST_HOST)";
				CODE_SIGN_STYLE = Automatic;
				INFOPLIST_FILE = InstagramTests/Info.plist;
				IPHONEOS_DEPLOYMENT_TARGET = 14.5;
				LD_RUNPATH_SEARCH_PATHS = (
					"$(inherited)",
					"@executable_path/Frameworks",
					"@loader_path/Frameworks",
				);
				PRODUCT_BUNDLE_IDENTIFIER = CodePath.InstagramTests;
				PRODUCT_NAME = "$(TARGET_NAME)";
				SWIFT_VERSION = 5.0;
				TARGETED_DEVICE_FAMILY = "1,2";
				TEST_HOST = "$(BUILT_PRODUCTS_DIR)/Instagram.app/Instagram";
			};
			name = Debug;
		};
		C0EB8BB7271B24B00022BC87 /* Release */ = {
			isa = XCBuildConfiguration;
			baseConfigurationReference = AE0E45345135CADE2E6EA77C /* Pods-InstagramTests.release.xcconfig */;
			buildSettings = {
				ALWAYS_EMBED_SWIFT_STANDARD_LIBRARIES = YES;
				BUNDLE_LOADER = "$(TEST_HOST)";
				CODE_SIGN_STYLE = Automatic;
				INFOPLIST_FILE = InstagramTests/Info.plist;
				IPHONEOS_DEPLOYMENT_TARGET = 14.5;
				LD_RUNPATH_SEARCH_PATHS = (
					"$(inherited)",
					"@executable_path/Frameworks",
					"@loader_path/Frameworks",
				);
				PRODUCT_BUNDLE_IDENTIFIER = CodePath.InstagramTests;
				PRODUCT_NAME = "$(TARGET_NAME)";
				SWIFT_VERSION = 5.0;
				TARGETED_DEVICE_FAMILY = "1,2";
				TEST_HOST = "$(BUILT_PRODUCTS_DIR)/Instagram.app/Instagram";
			};
			name = Release;
		};
		C0EB8BB9271B24B00022BC87 /* Debug */ = {
			isa = XCBuildConfiguration;
			baseConfigurationReference = CA72F1522BFF4A2F65484B22 /* Pods-Instagram-InstagramUITests.debug.xcconfig */;
			buildSettings = {
				ALWAYS_EMBED_SWIFT_STANDARD_LIBRARIES = YES;
				CODE_SIGN_STYLE = Automatic;
				INFOPLIST_FILE = InstagramUITests/Info.plist;
				LD_RUNPATH_SEARCH_PATHS = (
					"$(inherited)",
					"@executable_path/Frameworks",
					"@loader_path/Frameworks",
				);
				PRODUCT_BUNDLE_IDENTIFIER = CodePath.InstagramUITests;
				PRODUCT_NAME = "$(TARGET_NAME)";
				SWIFT_VERSION = 5.0;
				TARGETED_DEVICE_FAMILY = "1,2";
				TEST_TARGET_NAME = Instagram;
			};
			name = Debug;
		};
		C0EB8BBA271B24B00022BC87 /* Release */ = {
			isa = XCBuildConfiguration;
			baseConfigurationReference = 16BC419A419E1DC6FBAC8888 /* Pods-Instagram-InstagramUITests.release.xcconfig */;
			buildSettings = {
				ALWAYS_EMBED_SWIFT_STANDARD_LIBRARIES = YES;
				CODE_SIGN_STYLE = Automatic;
				INFOPLIST_FILE = InstagramUITests/Info.plist;
				LD_RUNPATH_SEARCH_PATHS = (
					"$(inherited)",
					"@executable_path/Frameworks",
					"@loader_path/Frameworks",
				);
				PRODUCT_BUNDLE_IDENTIFIER = CodePath.InstagramUITests;
				PRODUCT_NAME = "$(TARGET_NAME)";
				SWIFT_VERSION = 5.0;
				TARGETED_DEVICE_FAMILY = "1,2";
				TEST_TARGET_NAME = Instagram;
			};
			name = Release;
		};
/* End XCBuildConfiguration section */

/* Begin XCConfigurationList section */
		C0EB8B83271B24A80022BC87 /* Build configuration list for PBXProject "Instagram" */ = {
			isa = XCConfigurationList;
			buildConfigurations = (
				C0EB8BB0271B24B00022BC87 /* Debug */,
				C0EB8BB1271B24B00022BC87 /* Release */,
			);
			defaultConfigurationIsVisible = 0;
			defaultConfigurationName = Release;
		};
		C0EB8BB2271B24B00022BC87 /* Build configuration list for PBXNativeTarget "Instagram" */ = {
			isa = XCConfigurationList;
			buildConfigurations = (
				C0EB8BB3271B24B00022BC87 /* Debug */,
				C0EB8BB4271B24B00022BC87 /* Release */,
			);
			defaultConfigurationIsVisible = 0;
			defaultConfigurationName = Release;
		};
		C0EB8BB5271B24B00022BC87 /* Build configuration list for PBXNativeTarget "InstagramTests" */ = {
			isa = XCConfigurationList;
			buildConfigurations = (
				C0EB8BB6271B24B00022BC87 /* Debug */,
				C0EB8BB7271B24B00022BC87 /* Release */,
			);
			defaultConfigurationIsVisible = 0;
			defaultConfigurationName = Release;
		};
		C0EB8BB8271B24B00022BC87 /* Build configuration list for PBXNativeTarget "InstagramUITests" */ = {
			isa = XCConfigurationList;
			buildConfigurations = (
				C0EB8BB9271B24B00022BC87 /* Debug */,
				C0EB8BBA271B24B00022BC87 /* Release */,
			);
			defaultConfigurationIsVisible = 0;
			defaultConfigurationName = Release;
		};
/* End XCConfigurationList section */
	};
	rootObject = C0EB8B80271B24A80022BC87 /* Project object */;
}
